
Microsoft Visual Studio Solution File, Format Version 12.00
# Visual Studio 2013
VisualStudioVersion = 12.0.31101.0
MinimumVisualStudioVersion = 10.0.40219.1
Project("{FAE04EC0-301F-11D3-BF4B-00C04F79EFBC}") = "NorthwindWin", "NorthwindWin\NorthwindWin.csproj", "{CB8F2FFF-0DD7-480B-8659-7FADB70813AA}"
EndProject
Project("{FAE04EC0-301F-11D3-BF4B-00C04F79EFBC}") = "NortwindForms", "NortwindForms\NortwindForms.csproj", "{12C55C7B-7B29-4D98-B40D-01D46C1B745E}"
EndProject
Global
	GlobalSection(SolutionConfigurationPlatforms) = preSolution
		Debug|Any CPU = Debug|Any CPU
		Release|Any CPU = Release|Any CPU
	EndGlobalSection
	GlobalSection(ProjectConfigurationPlatforms) = postSolution
		{CB8F2FFF-0DD7-480B-8659-7FADB70813AA}.Debug|Any CPU.ActiveCfg = Debug|Any CPU
		{CB8F2FFF-0DD7-480B-8659-7FADB70813AA}.Debug|Any CPU.Build.0 = Debug|Any CPU
		{CB8F2FFF-0DD7-480B-8659-7FADB70813AA}.Release|Any CPU.ActiveCfg = Release|Any CPU
		{CB8F2FFF-0DD7-480B-8659-7FADB70813AA}.Release|Any CPU.Build.0 = Release|Any CPU
		{12C55C7B-7B29-4D98-B40D-01D46C1B745E}.Debug|Any CPU.ActiveCfg = Debug|Any CPU
		{12C55C7B-7B29-4D98-B40D-01D46C1B745E}.Debug|Any CPU.Build.0 = Debug|Any CPU
		{12C55C7B-7B29-4D98-B40D-01D46C1B745E}.Release|Any CPU.ActiveCfg = Release|Any CPU
		{12C55C7B-7B29-4D98-B40D-01D46C1B745E}.Release|Any CPU.Build.0 = Release|Any CPU
	EndGlobalSection
	GlobalSection(SolutionProperties) = preSolution
		HideSolutionNode = FALSE
	EndGlobalSection
EndGlobal
